Microsoft Visual Studio Solution File, Format Version 11.00
# Visual Studio 2008

Project("{4FAFE9FD-55F3-B6DA-3AE7-74864498E7BB}") = "LTDT", "Assembly-CSharp.csproj", "{71F0E649-B5FC-92FA-EB1F-5F8AA9A01B79}"
EndProject
Global
	GlobalSection(SolutionConfigurationPlatforms) = preSolution
		Debug|Any CPU = Debug|Any CPU
		Release|Any CPU = Release|Any CPU
	EndGlobalSection
	GlobalSection(ProjectConfigurationPlatforms) = postSolution
		{71F0E649-B5FC-92FA-EB1F-5F8AA9A01B79}.Debug|Any CPU.ActiveCfg = Debug|Any CPU
		{71F0E649-B5FC-92FA-EB1F-5F8AA9A01B79}.Debug|Any CPU.Build.0 = Debug|Any CPU
		{71F0E649-B5FC-92FA-EB1F-5F8AA9A01B79}.Release|Any CPU.ActiveCfg = Release|Any CPU
		{71F0E649-B5FC-92FA-EB1F-5F8AA9A01B79}.Release|Any CPU.Build.0 = Release|Any CPU
	EndGlobalSection
	GlobalSection(SolutionProperties) = preSolution
		HideSolutionNode = FALSE
	EndGlobalSection
															GlobalSection(MonoDevelopProperties) = preSolution
=======
				GlobalSection(MonoDevelopProperties) = preSolution
>>>>>>> 05b220bb15648b50d7c69046dc1dedc0507979b7
		StartupItem = Assembly-CSharp.csproj
	EndGlobalSection

EndGlobal
